
Microsoft Visual Studio Solution File, Format Version 12.00
# Visual Studio 15
VisualStudioVersion = 15.0.28307.102
MinimumVisualStudioVersion = 10.0.40219.1
Project("{FAE04EC0-301F-11D3-BF4B-00C04F79EFBC}") = "flyfire.DDNS", "flyfire.DDNS\flyfire.DDNS.csproj", "{5429551A-F4F0-4FF4-9747-DDD674CF23C0}"
EndProject
Project("{9A19103F-16F7-4668-BE54-9A1E7A4F7556}") = "flyfire.DDNS.Client", "flyfire.DDNS.Client\flyfire.DDNS.Client.csproj", "{179D2E04-A438-4981-B993-F98DCDFBE2BB}"
EndProject
Global
	GlobalSection(SolutionConfigurationPlatforms) = preSolution
		Debug|Any CPU = Debug|Any CPU
		Release|Any CPU = Release|Any CPU
	EndGlobalSection
	GlobalSection(ProjectConfigurationPlatforms) = postSolution
		{5429551A-F4F0-4FF4-9747-DDD674CF23C0}.Debug|Any CPU.ActiveCfg = Debug|Any CPU
		{5429551A-F4F0-4FF4-9747-DDD674CF23C0}.Debug|Any CPU.Build.0 = Debug|Any CPU
		{5429551A-F4F0-4FF4-9747-DDD674CF23C0}.Release|Any CPU.ActiveCfg = Release|Any CPU
		{5429551A-F4F0-4FF4-9747-DDD674CF23C0}.Release|Any CPU.Build.0 = Release|Any CPU
		{179D2E04-A438-4981-B993-F98DCDFBE2BB}.Debug|Any CPU.ActiveCfg = Debug|Any CPU
		{179D2E04-A438-4981-B993-F98DCDFBE2BB}.Debug|Any CPU.Build.0 = Debug|Any CPU
		{179D2E04-A438-4981-B993-F98DCDFBE2BB}.Release|Any CPU.ActiveCfg = Release|Any CPU
		{179D2E04-A438-4981-B993-F98DCDFBE2BB}.Release|Any CPU.Build.0 = Release|Any CPU
	EndGlobalSection
	GlobalSection(SolutionProperties) = preSolution
		HideSolutionNode = FALSE
	EndGlobalSection
	GlobalSection(ExtensibilityGlobals) = postSolution
		SolutionGuid = {ED34F77E-8886-4E34-B9A0-76DD5687592A}
	EndGlobalSection
EndGlobal
